// !$*UTF8*$!
{
	archiveVersion = 1;
	classes = {
	};
	objectVersion = 56;
	objects = {

/* Begin PBXBuildFile section */
		2873509B83E39FA2ABB954E3 /* Pods_navtableapi_navtableapiUITests.framework in Frameworks */ = {isa = PBXBuildFile; fileRef = ACEACC4FD5F8C1118FB3719D /* Pods_navtableapi_navtableapiUITests.framework */; };
		42CC5992A3D9E6DBB78B9C44 /* Pods_navtableapi.framework in Frameworks */ = {isa = PBXBuildFile; fileRef = 8BF5C57CB760DFB93744867F /* Pods_navtableapi.framework */; };
		4A1F8AFDAEF62D57055C39BB /* Pods_navtableapiTests.framework in Frameworks */ = {isa = PBXBuildFile; fileRef = FEFA2AFD4C3BD116C41A25A9 /* Pods_navtableapiTests.framework */; };
		74C675DE2B845767004519FF /* AppDelegate.swift in Sources */ = {isa = PBXBuildFile; fileRef = 74C675DD2B845767004519FF /* AppDelegate.swift */; };
		74C675E02B845767004519FF /* SceneDelegate.swift in Sources */ = {isa = PBXBuildFile; fileRef = 74C675DF2B845767004519FF /* SceneDelegate.swift */; };
		74C675E22B845767004519FF /* ViewController.swift in Sources */ = {isa = PBXBuildFile; fileRef = 74C675E12B845767004519FF /* ViewController.swift */; };
		74C675E52B845767004519FF /* Main.storyboard in Resources */ = {isa = PBXBuildFile; fileRef = 74C675E32B845767004519FF /* Main.storyboard */; };
		74C675E72B845769004519FF /* Assets.xcassets in Resources */ = {isa = PBXBuildFile; fileRef = 74C675E62B845769004519FF /* Assets.xcassets */; };
		74C675EA2B845769004519FF /* LaunchScreen.storyboard in Resources */ = {isa = PBXBuildFile; fileRef = 74C675E82B845769004519FF /* LaunchScreen.storyboard */; };
		74C675F52B845769004519FF /* navtableapiTests.swift in Sources */ = {isa = PBXBuildFile; fileRef = 74C675F42B845769004519FF /* navtableapiTests.swift */; };
		74C675FF2B845769004519FF /* navtableapiUITests.swift in Sources */ = {isa = PBXBuildFile; fileRef = 74C675FE2B845769004519FF /* navtableapiUITests.swift */; };
		74C676012B845769004519FF /* navtableapiUITestsLaunchTests.swift in Sources */ = {isa = PBXBuildFile; fileRef = 74C676002B845769004519FF /* navtableapiUITestsLaunchTests.swift */; };
		74C676102B848CD7004519FF /* DestinationViewController.swift in Sources */ = {isa = PBXBuildFile; fileRef = 74C6760F2B848CD7004519FF /* DestinationViewController.swift */; };
/* End PBXBuildFile section */

/* Begin PBXContainerItemProxy section */
		74C675F12B845769004519FF /* PBXContainerItemProxy */ = {
			isa = PBXContainerItemProxy;
			containerPortal = 74C675D22B845767004519FF /* Project object */;
			proxyType = 1;
			remoteGlobalIDString = 74C675D92B845767004519FF;
			remoteInfo = navtableapi;
		};
		74C675FB2B845769004519FF /* PBXContainerItemProxy */ = {
			isa = PBXContainerItemProxy;
			containerPortal = 74C675D22B845767004519FF /* Project object */;
			proxyType = 1;
			remoteGlobalIDString = 74C675D92B845767004519FF;
			remoteInfo = navtableapi;
		};
/* End PBXContainerItemProxy section */

/* Begin PBXFileReference section */
		3E47EBDFD33160C121DBA94D /* Pods-navtableapiTests.debug.xcconfig */ = {isa = PBXFileReference; includeInIndex = 1; lastKnownFileType = text.xcconfig; name = "Pods-navtableapiTests.debug.xcconfig"; path = "Target Support Files/Pods-navtableapiTests/Pods-navtableapiTests.debug.xcconfig"; sourceTree = "<group>"; };
		6E97AB7BC3F5FED7E138AE56 /* Pods-navtableapi.release.xcconfig */ = {isa = PBXFileReference; includeInIndex = 1; lastKnownFileType = text.xcconfig; name = "Pods-navtableapi.release.xcconfig"; path = "Target Support Files/Pods-navtableapi/Pods-navtableapi.release.xcconfig"; sourceTree = "<group>"; };
		74C675DA2B845767004519FF /* navtableapi.app */ = {isa = PBXFileReference; explicitFileType = wrapper.application; includeInIndex = 0; path = navtableapi.app; sourceTree = BUILT_PRODUCTS_DIR; };
		74C675DD2B845767004519FF /* AppDelegate.swift */ = {isa = PBXFileReference; lastKnownFileType = sourcecode.swift; path = AppDelegate.swift; sourceTree = "<group>"; };
		74C675DF2B845767004519FF /* SceneDelegate.swift */ = {isa = PBXFileReference; lastKnownFileType = sourcecode.swift; path = SceneDelegate.swift; sourceTree = "<group>"; };
		74C675E12B845767004519FF /* ViewController.swift */ = {isa = PBXFileReference; lastKnownFileType = sourcecode.swift; path = ViewController.swift; sourceTree = "<group>"; };
		74C675E42B845767004519FF /* Base */ = {isa = PBXFileReference; lastKnownFileType = file.storyboard; name = Base; path = Base.lproj/Main.storyboard; sourceTree = "<group>"; };
		74C675E62B845769004519FF /* Assets.xcassets */ = {isa = PBXFileReference; lastKnownFileType = folder.assetcatalog; path = Assets.xcassets; sourceTree = "<group>"; };
		74C675E92B845769004519FF /* Base */ = {isa = PBXFileReference; lastKnownFileType = file.storyboard; name = Base; path = Base.lproj/LaunchScreen.storyboard; sourceTree = "<group>"; };
		74C675EB2B845769004519FF /* Info.plist */ = {isa = PBXFileReference; lastKnownFileType = text.plist.xml; path = Info.plist; sourceTree = "<group>"; };
		74C675F02B845769004519FF /* navtableapiTests.xctest */ = {isa = PBXFileReference; explicitFileType = wrapper.cfbundle; includeInIndex = 0; path = navtableapiTests.xctest; sourceTree = BUILT_PRODUCTS_DIR; };
		74C675F42B845769004519FF /* navtableapiTests.swift */ = {isa = PBXFileReference; lastKnownFileType = sourcecode.swift; path = navtableapiTests.swift; sourceTree = "<group>"; };
		74C675FA2B845769004519FF /* navtableapiUITests.xctest */ = {isa = PBXFileReference; explicitFileType = wrapper.cfbundle; includeInIndex = 0; path = navtableapiUITests.xctest; sourceTree = BUILT_PRODUCTS_DIR; };
		74C675FE2B845769004519FF /* navtableapiUITests.swift */ = {isa = PBXFileReference; lastKnownFileType = sourcecode.swift; path = navtableapiUITests.swift; sourceTree = "<group>"; };
		74C676002B845769004519FF /* navtableapiUITestsLaunchTests.swift */ = {isa = PBXFileReference; lastKnownFileType = sourcecode.swift; path = navtableapiUITestsLaunchTests.swift; sourceTree = "<group>"; };
		74C6760F2B848CD7004519FF /* DestinationViewController.swift */ = {isa = PBXFileReference; lastKnownFileType = sourcecode.swift; path = DestinationViewController.swift; sourceTree = "<group>"; };
		77F0CD6D1C77B87F96D4518F /* Pods-navtableapi.debug.xcconfig */ = {isa = PBXFileReference; includeInIndex = 1; lastKnownFileType = text.xcconfig; name = "Pods-navtableapi.debug.xcconfig"; path = "Target Support Files/Pods-navtableapi/Pods-navtableapi.debug.xcconfig"; sourceTree = "<group>"; };
		8178E4023757CC43FF16B1D6 /* Pods-navtableapi-navtableapiUITests.release.xcconfig */ = {isa = PBXFileReference; includeInIndex = 1; lastKnownFileType = text.xcconfig; name = "Pods-navtableapi-navtableapiUITests.release.xcconfig"; path = "Target Support Files/Pods-navtableapi-navtableapiUITests/Pods-navtableapi-navtableapiUITests.release.xcconfig"; sourceTree = "<group>"; };
		87CD64571B96BF0BCF59A0B1 /* Pods-navtableapiTests.release.xcconfig */ = {isa = PBXFileReference; includeInIndex = 1; lastKnownFileType = text.xcconfig; name = "Pods-navtableapiTests.release.xcconfig"; path = "Target Support Files/Pods-navtableapiTests/Pods-navtableapiTests.release.xcconfig"; sourceTree = "<group>"; };
		8BF5C57CB760DFB93744867F /* Pods_navtableapi.framework */ = {isa = PBXFileReference; explicitFileType = wrapper.framework; includeInIndex = 0; path = Pods_navtableapi.framework; sourceTree = BUILT_PRODUCTS_DIR; };
		AAB577AFA2D61B545561E23C /* Pods-navtableapi-navtableapiUITests.debug.xcconfig */ = {isa = PBXFileReference; includeInIndex = 1; lastKnownFileType = text.xcconfig; name = "Pods-navtableapi-navtableapiUITests.debug.xcconfig"; path = "Target Support Files/Pods-navtableapi-navtableapiUITests/Pods-navtableapi-navtableapiUITests.debug.xcconfig"; sourceTree = "<group>"; };
		ACEACC4FD5F8C1118FB3719D /* Pods_navtableapi_navtableapiUITests.framework */ = {isa = PBXFileReference; explicitFileType = wrapper.framework; includeInIndex = 0; path = Pods_navtableapi_navtableapiUITests.framework; sourceTree = BUILT_PRODUCTS_DIR; };
		FEFA2AFD4C3BD116C41A25A9 /* Pods_navtableapiTests.framework */ = {isa = PBXFileReference; explicitFileType = wrapper.framework; includeInIndex = 0; path = Pods_navtableapiTests.framework; sourceTree = BUILT_PRODUCTS_DIR; };
/* End PBXFileReference section */

/* Begin PBXFrameworksBuildPhase section */
		74C675D72B845767004519FF /* Frameworks */ = {
			isa = PBXFrameworksBuildPhase;
			buildActionMask = 2147483647;
			files = (
				42CC5992A3D9E6DBB78B9C44 /* Pods_navtableapi.framework in Frameworks */,
			);
			runOnlyForDeploymentPostprocessing = 0;
		};
		74C675ED2B845769004519FF /* Frameworks */ = {
			isa = PBXFrameworksBuildPhase;
			buildActionMask = 2147483647;
			files = (
				4A1F8AFDAEF62D57055C39BB /* Pods_navtableapiTests.framework in Frameworks */,
			);
			runOnlyForDeploymentPostprocessing = 0;
		};
		74C675F72B845769004519FF /* Frameworks */ = {
			isa = PBXFrameworksBuildPhase;
			buildActionMask = 2147483647;
			files = (
				2873509B83E39FA2ABB954E3 /* Pods_navtableapi_navtableapiUITests.framework in Frameworks */,
			);
			runOnlyForDeploymentPostprocessing = 0;
		};
/* End PBXFrameworksBuildPhase section */

/* Begin PBXGroup section */
		30F11B5A3559EBC9670EC15F /* Pods */ = {
			isa = PBXGroup;
			children = (
				77F0CD6D1C77B87F96D4518F /* Pods-navtableapi.debug.xcconfig */,
				6E97AB7BC3F5FED7E138AE56 /* Pods-navtableapi.release.xcconfig */,
				AAB577AFA2D61B545561E23C /* Pods-navtableapi-navtableapiUITests.debug.xcconfig */,
				8178E4023757CC43FF16B1D6 /* Pods-navtableapi-navtableapiUITests.release.xcconfig */,
				3E47EBDFD33160C121DBA94D /* Pods-navtableapiTests.debug.xcconfig */,
				87CD64571B96BF0BCF59A0B1 /* Pods-navtableapiTests.release.xcconfig */,
			);
			path = Pods;
			sourceTree = "<group>";
		};
		74C675D12B845767004519FF = {
			isa = PBXGroup;
			children = (
				74C675DC2B845767004519FF /* navtableapi */,
				74C675F32B845769004519FF /* navtableapiTests */,
				74C675FD2B845769004519FF /* navtableapiUITests */,
				74C675DB2B845767004519FF /* Products */,
				30F11B5A3559EBC9670EC15F /* Pods */,
				8646B1C23A8AFAB31163F6E9 /* Frameworks */,
			);
			sourceTree = "<group>";
		};
		74C675DB2B845767004519FF /* Products */ = {
			isa = PBXGroup;
			children = (
				74C675DA2B845767004519FF /* navtableapi.app */,
				74C675F02B845769004519FF /* navtableapiTests.xctest */,
				74C675FA2B845769004519FF /* navtableapiUITests.xctest */,
			);
			name = Products;
			sourceTree = "<group>";
		};
		74C675DC2B845767004519FF /* navtableapi */ = {
			isa = PBXGroup;
			children = (
				74C675DD2B845767004519FF /* AppDelegate.swift */,
				74C675DF2B845767004519FF /* SceneDelegate.swift */,
				74C675E12B845767004519FF /* ViewController.swift */,
				74C675E32B845767004519FF /* Main.storyboard */,
				74C675E62B845769004519FF /* Assets.xcassets */,
				74C675E82B845769004519FF /* LaunchScreen.storyboard */,
				74C675EB2B845769004519FF /* Info.plist */,
				74C6760F2B848CD7004519FF /* DestinationViewController.swift */,
			);
			path = navtableapi;
			sourceTree = "<group>";
		};
		74C675F32B845769004519FF /* navtableapiTests */ = {
			isa = PBXGroup;
			children = (
				74C675F42B845769004519FF /* navtableapiTests.swift */,
			);
			path = navtableapiTests;
			sourceTree = "<group>";
		};
		74C675FD2B845769004519FF /* navtableapiUITests */ = {
			isa = PBXGroup;
			children = (
				74C675FE2B845769004519FF /* navtableapiUITests.swift */,
				74C676002B845769004519FF /* navtableapiUITestsLaunchTests.swift */,
			);
			path = navtableapiUITests;
			sourceTree = "<group>";
		};
		8646B1C23A8AFAB31163F6E9 /* Frameworks */ = {
			isa = PBXGroup;
			children = (
				8BF5C57CB760DFB93744867F /* Pods_navtableapi.framework */,
				ACEACC4FD5F8C1118FB3719D /* Pods_navtableapi_navtableapiUITests.framework */,
				FEFA2AFD4C3BD116C41A25A9 /* Pods_navtableapiTests.framework */,
			);
			name = Frameworks;
			sourceTree = "<group>";
		};
/* End PBXGroup section */

/* Begin PBXNativeTarget section */
		74C675D92B845767004519FF /* navtableapi */ = {
			isa = PBXNativeTarget;
			buildConfigurationList = 74C676042B845769004519FF /* Build configuration list for PBXNativeTarget "navtableapi" */;
			buildPhases = (
				81D7CDE44A3A3FB68FE7D87A /* [CP] Check Pods Manifest.lock */,
				74C675D62B845767004519FF /* Sources */,
				74C675D72B845767004519FF /* Frameworks */,
				74C675D82B845767004519FF /* Resources */,
				B94940A5ED56CFFA9119587C /* [CP] Embed Pods Frameworks */,
			);
			buildRules = (
			);
			dependencies = (
			);
			name = navtableapi;
			productName = navtableapi;
			productReference = 74C675DA2B845767004519FF /* navtableapi.app */;
			productType = "com.apple.product-type.application";
		};
		74C675EF2B845769004519FF /* navtableapiTests */ = {
			isa = PBXNativeTarget;
			buildConfigurationList = 74C676072B845769004519FF /* Build configuration list for PBXNativeTarget "navtableapiTests" */;
			buildPhases = (
				C33BB77E5ADF45484E2EEEB6 /* [CP] Check Pods Manifest.lock */,
				74C675EC2B845769004519FF /* Sources */,
				74C675ED2B845769004519FF /* Frameworks */,
				74C675EE2B845769004519FF /* Resources */,
			);
			buildRules = (
			);
			dependencies = (
				74C675F22B845769004519FF /* PBXTargetDependency */,
			);
			name = navtableapiTests;
			productName = navtableapiTests;
			productReference = 74C675F02B845769004519FF /* navtableapiTests.xctest */;
			productType = "com.apple.product-type.bundle.unit-test";
		};
		74C675F92B845769004519FF /* navtableapiUITests */ = {
			isa = PBXNativeTarget;
			buildConfigurationList = 74C6760A2B845769004519FF /* Build configuration list for PBXNativeTarget "navtableapiUITests" */;
			buildPhases = (
				A6E824750F24489875F4A101 /* [CP] Check Pods Manifest.lock */,
				74C675F62B845769004519FF /* Sources */,
				74C675F72B845769004519FF /* Frameworks */,
				74C675F82B845769004519FF /* Resources */,
				076010A383B10C3AF5416BB7 /* [CP] Embed Pods Frameworks */,
			);
			buildRules = (
			);
			dependencies = (
				74C675FC2B845769004519FF /* PBXTargetDependency */,
			);
			name = navtableapiUITests;
			productName = navtableapiUITests;
			productReference = 74C675FA2B845769004519FF /* navtableapiUITests.xctest */;
			productType = "com.apple.product-type.bundle.ui-testing";
		};
/* End PBXNativeTarget section */

/* Begin PBXProject section */
		74C675D22B845767004519FF /* Project object */ = {
			isa = PBXProject;
			attributes = {
				BuildIndependentTargetsInParallel = 1;
				LastSwiftUpdateCheck = 1520;
				LastUpgradeCheck = 1520;
				TargetAttributes = {
					74C675D92B845767004519FF = {
						CreatedOnToolsVersion = 15.2;
					};
					74C675EF2B845769004519FF = {
						CreatedOnToolsVersion = 15.2;
						TestTargetID = 74C675D92B845767004519FF;
					};
					74C675F92B845769004519FF = {
						CreatedOnToolsVersion = 15.2;
						TestTargetID = 74C675D92B845767004519FF;
					};
				};
			};
			buildConfigurationList = 74C675D52B845767004519FF /* Build configuration list for PBXProject "navtableapi" */;
			compatibilityVersion = "Xcode 14.0";
			developmentRegion = en;
			hasScannedForEncodings = 0;
			knownRegions = (
				en,
				Base,
			);
			mainGroup = 74C675D12B845767004519FF;
			productRefGroup = 74C675DB2B845767004519FF /* Products */;
			projectDirPath = "";
			projectRoot = "";
			targets = (
				74C675D92B845767004519FF /* navtableapi */,
				74C675EF2B845769004519FF /* navtableapiTests */,
				74C675F92B845769004519FF /* navtableapiUITests */,
			);
		};
/* End PBXProject section */

/* Begin PBXResourcesBuildPhase section */
		74C675D82B845767004519FF /* Resources */ = {
			isa = PBXResourcesBuildPhase;
			buildActionMask = 2147483647;
			files = (
				74C675EA2B845769004519FF /* LaunchScreen.storyboard in Resources */,
				74C675E72B845769004519FF /* Assets.xcassets in Resources */,
				74C675E52B845767004519FF /* Main.storyboard in Resources */,
			);
			runOnlyForDeploymentPostprocessing = 0;
		};
		74C675EE2B845769004519FF /* Resources */ = {
			isa = PBXResourcesBuildPhase;
			buildActionMask = 2147483647;
			files = (
			);
			runOnlyForDeploymentPostprocessing = 0;
		};
		74C675F82B845769004519FF /* Resources */ = {
			isa = PBXResourcesBuildPhase;
			buildActionMask = 2147483647;
			files = (
			);
			runOnlyForDeploymentPostprocessing = 0;
		};
/* End PBXResourcesBuildPhase section */

/* Begin PBXShellScriptBuildPhase section */
		076010A383B10C3AF5416BB7 /* [CP] Embed Pods Frameworks */ = {
			isa = PBXShellScriptBuildPhase;
			buildActionMask = 2147483647;
			files = (
			);
			inputFileListPaths = (
				"${PODS_ROOT}/Target Support Files/Pods-navtableapi-navtableapiUITests/Pods-navtableapi-navtableapiUITests-frameworks-${CONFIGURATION}-input-files.xcfilelist",
			);
			name = "[CP] Embed Pods Frameworks";
			outputFileListPaths = (
				"${PODS_ROOT}/Target Support Files/Pods-navtableapi-navtableapiUITests/Pods-navtableapi-navtableapiUITests-frameworks-${CONFIGURATION}-output-files.xcfilelist",
			);
			runOnlyForDeploymentPostprocessing = 0;
			shellPath = /bin/sh;
			shellScript = "\"${PODS_ROOT}/Target Support Files/Pods-navtableapi-navtableapiUITests/Pods-navtableapi-navtableapiUITests-frameworks.sh\"\n";
			showEnvVarsInLog = 0;
		};
		81D7CDE44A3A3FB68FE7D87A /* [CP] Check Pods Manifest.lock */ = {
			isa = PBXShellScriptBuildPhase;
			buildActionMask = 2147483647;
			files = (
			);
			inputFileListPaths = (
			);
			inputPaths = (
				"${PODS_PODFILE_DIR_PATH}/Podfile.lock",
				"${PODS_ROOT}/Manifest.lock",
			);
			name = "[CP] Check Pods Manifest.lock";
			outputFileListPaths = (
			);
			outputPaths = (
				"$(DERIVED_FILE_DIR)/Pods-navtableapi-checkManifestLockResult.txt",
			);
			runOnlyForDeploymentPostprocessing = 0;
			shellPath = /bin/sh;
			shellScript = "diff \"${PODS_PODFILE_DIR_PATH}/Podfile.lock\" \"${PODS_ROOT}/Manifest.lock\" > /dev/null\nif [ $? != 0 ] ; then\n    # print error to STDERR\n    echo \"error: The sandbox is not in sync with the Podfile.lock. Run 'pod install' or update your CocoaPods installation.\" >&2\n    exit 1\nfi\n# This output is used by Xcode 'outputs' to avoid re-running this script phase.\necho \"SUCCESS\" > \"${SCRIPT_OUTPUT_FILE_0}\"\n";
			showEnvVarsInLog = 0;
		};
		A6E824750F24489875F4A101 /* [CP] Check Pods Manifest.lock */ = {
			isa = PBXShellScriptBuildPhase;
			buildActionMask = 2147483647;
			files = (
			);
			inputFileListPaths = (
			);
			inputPaths = (
				"${PODS_PODFILE_DIR_PATH}/Podfile.lock",
				"${PODS_ROOT}/Manifest.lock",
			);
			name = "[CP] Check Pods Manifest.lock";
			outputFileListPaths = (
			);
			outputPaths = (
				"$(DERIVED_FILE_DIR)/Pods-navtableapi-navtableapiUITests-checkManifestLockResult.txt",
			);
			runOnlyForDeploymentPostprocessing = 0;
			shellPath = /bin/sh;
			shellScript = "diff \"${PODS_PODFILE_DIR_PATH}/Podfile.lock\" \"${PODS_ROOT}/Manifest.lock\" > /dev/null\nif [ $? != 0 ] ; then\n    # print error to STDERR\n    echo \"error: The sandbox is not in sync with the Podfile.lock. Run 'pod install' or update your CocoaPods installation.\" >&2\n    exit 1\nfi\n# This output is used by Xcode 'outputs' to avoid re-running this script phase.\necho \"SUCCESS\" > \"${SCRIPT_OUTPUT_FILE_0}\"\n";
			showEnvVarsInLog = 0;
		};
		B94940A5ED56CFFA9119587C /* [CP] Embed Pods Frameworks */ = {
			isa = PBXShellScriptBuildPhase;
			buildActionMask = 2147483647;
			files = (
			);
			inputFileListPaths = (
				"${PODS_ROOT}/Target Support Files/Pods-navtableapi/Pods-navtableapi-frameworks-${CONFIGURATION}-input-files.xcfilelist",
			);
			name = "[CP] Embed Pods Frameworks";
			outputFileListPaths = (
				"${PODS_ROOT}/Target Support Files/Pods-navtableapi/Pods-navtableapi-frameworks-${CONFIGURATION}-output-files.xcfilelist",
			);
			runOnlyForDeploymentPostprocessing = 0;
			shellPath = /bin/sh;
			shellScript = "\"${PODS_ROOT}/Target Support Files/Pods-navtableapi/Pods-navtableapi-frameworks.sh\"\n";
			showEnvVarsInLog = 0;
		};
		C33BB77E5ADF45484E2EEEB6 /* [CP] Check Pods Manifest.lock */ = {
			isa = PBXShellScriptBuildPhase;
			buildActionMask = 2147483647;
			files = (
			);
			inputFileListPaths = (
			);
			inputPaths = (
				"${PODS_PODFILE_DIR_PATH}/Podfile.lock",
				"${PODS_ROOT}/Manifest.lock",
			);
			name = "[CP] Check Pods Manifest.lock";
			outputFileListPaths = (
			);
			outputPaths = (
				"$(DERIVED_FILE_DIR)/Pods-navtableapiTests-checkManifestLockResult.txt",
			);
			runOnlyForDeploymentPostprocessing = 0;
			shellPath = /bin/sh;
			shellScript = "diff \"${PODS_PODFILE_DIR_PATH}/Podfile.lock\" \"${PODS_ROOT}/Manifest.lock\" > /dev/null\nif [ $? != 0 ] ; then\n    # print error to STDERR\n    echo \"error: The sandbox is not in sync with the Podfile.lock. Run 'pod install' or update your CocoaPods installation.\" >&2\n    exit 1\nfi\n# This output is used by Xcode 'outputs' to avoid re-running this script phase.\necho \"SUCCESS\" > \"${SCRIPT_OUTPUT_FILE_0}\"\n";
			showEnvVarsInLog = 0;
		};
/* End PBXShellScriptBuildPhase section */

/* Begin PBXSourcesBuildPhase section */
		74C675D62B845767004519FF /* Sources */ = {
			isa = PBXSourcesBuildPhase;
			buildActionMask = 2147483647;
			files = (
				74C675E22B845767004519FF /* ViewController.swift in Sources */,
				74C675DE2B845767004519FF /* AppDelegate.swift in Sources */,
				74C675E02B845767004519FF /* SceneDelegate.swift in Sources */,
				74C676102B848CD7004519FF /* DestinationViewController.swift in Sources */,
			);
			runOnlyForDeploymentPostprocessing = 0;
		};
		74C675EC2B845769004519FF /* Sources */ = {
			isa = PBXSourcesBuildPhase;
			buildActionMask = 2147483647;
			files = (
				74C675F52B845769004519FF /* navtableapiTests.swift in Sources */,
			);
			runOnlyForDeploymentPostprocessing = 0;
		};
		74C675F62B845769004519FF /* Sources */ = {
			isa = PBXSourcesBuildPhase;
			buildActionMask = 2147483647;
			files = (
				74C676012B845769004519FF /* navtableapiUITestsLaunchTests.swift in Sources */,
				74C675FF2B845769004519FF /* navtableapiUITests.swift in Sources */,
			);
			runOnlyForDeploymentPostprocessing = 0;
		};
/* End PBXSourcesBuildPhase section */

/* Begin PBXTargetDependency section */
		74C675F22B845769004519FF /* PBXTargetDependency */ = {
			isa = PBXTargetDependency;
			target = 74C675D92B845767004519FF /* navtableapi */;
			targetProxy = 74C675F12B845769004519FF /* PBXContainerItemProxy */;
		};
		74C675FC2B845769004519FF /* PBXTargetDependency */ = {
			isa = PBXTargetDependency;
			target = 74C675D92B845767004519FF /* navtableapi */;
			targetProxy = 74C675FB2B845769004519FF /* PBXContainerItemProxy */;
		};
/* End PBXTargetDependency section */

/* Begin PBXVariantGroup section */
		74C675E32B845767004519FF /* Main.storyboard */ = {
			isa = PBXVariantGroup;
			children = (
				74C675E42B845767004519FF /* Base */,
			);
			name = Main.storyboard;
			sourceTree = "<group>";
		};
		74C675E82B845769004519FF /* LaunchScreen.storyboard */ = {
			isa = PBXVariantGroup;
			children = (
				74C675E92B845769004519FF /* Base */,
			);
			name = LaunchScreen.storyboard;
			sourceTree = "<group>";
		};
/* End PBXVariantGroup section */

/* Begin XCBuildConfiguration section */
		74C676022B845769004519FF /* Debug */ = {
			isa = XCBuildConfiguration;
			buildSettings = {
				ALWAYS_SEARCH_USER_PATHS = NO;
				ASSETCATALOG_COMPILER_GENERATE_SWIFT_ASSET_SYMBOL_EXTENSIONS = YES;
				CLANG_ANALYZER_NONNULL = YES;
				CLANG_ANALYZER_NUMBER_OBJECT_CONVERSION = YES_AGGRESSIVE;
				CLANG_CXX_LANGUAGE_STANDARD = "gnu++20";
				CLANG_ENABLE_MODULES = YES;
				CLANG_ENABLE_OBJC_ARC = YES;
				CLANG_ENABLE_OBJC_WEAK = YES;
				CLANG_WARN_BLOCK_CAPTURE_AUTORELEASING = YES;
				CLANG_WARN_BOOL_CONVERSION = YES;
				CLANG_WARN_COMMA = YES;
				CLANG_WARN_CONSTANT_CONVERSION = YES;
				CLANG_WARN_DEPRECATED_OBJC_IMPLEMENTATIONS = YES;
				CLANG_WARN_DIRECT_OBJC_ISA_USAGE = YES_ERROR;
				CLANG_WARN_DOCUMENTATION_COMMENTS = YES;
				CLANG_WARN_EMPTY_BODY = YES;
				CLANG_WARN_ENUM_CONVERSION = YES;
				CLANG_WARN_INFINITE_RECURSION = YES;
				CLANG_WARN_INT_CONVERSION = YES;
				CLANG_WARN_NON_LITERAL_NULL_CONVERSION = YES;
				CLANG_WARN_OBJC_IMPLICIT_RETAIN_SELF = YES;
				CLANG_WARN_OBJC_LITERAL_CONVERSION = YES;
				CLANG_WARN_OBJC_ROOT_CLASS = YES_ERROR;
				CLANG_WARN_QUOTED_INCLUDE_IN_FRAMEWORK_HEADER = YES;
				CLANG_WARN_RANGE_LOOP_ANALYSIS = YES;
				CLANG_WARN_STRICT_PROTOTYPES = YES;
				CLANG_WARN_SUSPICIOUS_MOVE = YES;
				CLANG_WARN_UNGUARDED_AVAILABILITY = YES_AGGRESSIVE;
				CLANG_WARN_UNREACHABLE_CODE = YES;
				CLANG_WARN__DUPLICATE_METHOD_MATCH = YES;
				COPY_PHASE_STRIP = NO;
				DEBUG_INFORMATION_FORMAT = dwarf;
				ENABLE_STRICT_OBJC_MSGSEND = YES;
				ENABLE_TESTABILITY = YES;
				ENABLE_USER_SCRIPT_SANDBOXING = YES;
				GCC_C_LANGUAGE_STANDARD = gnu17;
				GCC_DYNAMIC_NO_PIC = NO;
				GCC_NO_COMMON_BLOCKS = YES;
				GCC_OPTIMIZATION_LEVEL = 0;
				GCC_PREPROCESSOR_DEFINITIONS = (
					"DEBUG=1",
					"$(inherited)",
				);
				GCC_WARN_64_TO_32_BIT_CONVERSION = YES;
				GCC_WARN_ABOUT_RETURN_TYPE = YES_ERROR;
				GCC_WARN_UNDECLARED_SELECTOR = YES;
				GCC_WARN_UNINITIALIZED_AUTOS = YES_AGGRESSIVE;
				GCC_WARN_UNUSED_FUNCTION = YES;
				GCC_WARN_UNUSED_VARIABLE = YES;
				IPHONEOS_DEPLOYMENT_TARGET = 17.2;
				LOCALIZATION_PREFERS_STRING_CATALOGS = YES;
				MTL_ENABLE_DEBUG_INFO = INCLUDE_SOURCE;
				MTL_FAST_MATH = YES;
				ONLY_ACTIVE_ARCH = YES;
				SDKROOT = iphoneos;
				SWIFT_ACTIVE_COMPILATION_CONDITIONS = "DEBUG $(inherited)";
				SWIFT_OPTIMIZATION_LEVEL = "-Onone";
			};
			name = Debug;
		};
		74C676032B845769004519FF /* Release */ = {
			isa = XCBuildConfiguration;
			buildSettings = {
				ALWAYS_SEARCH_USER_PATHS = NO;
				ASSETCATALOG_COMPILER_GENERATE_SWIFT_ASSET_SYMBOL_EXTENSIONS = YES;
				CLANG_ANALYZER_NONNULL = YES;
				CLANG_ANALYZER_NUMBER_OBJECT_CONVERSION = YES_AGGRESSIVE;
				CLANG_CXX_LANGUAGE_STANDARD = "gnu++20";
				CLANG_ENABLE_MODULES = YES;
				CLANG_ENABLE_OBJC_ARC = YES;
				CLANG_ENABLE_OBJC_WEAK = YES;
				CLANG_WARN_BLOCK_CAPTURE_AUTORELEASING = YES;
				CLANG_WARN_BOOL_CONVERSION = YES;
				CLANG_WARN_COMMA = YES;
				CLANG_WARN_CONSTANT_CONVERSION = YES;
				CLANG_WARN_DEPRECATED_OBJC_IMPLEMENTATIONS = YES;
				CLANG_WARN_DIRECT_OBJC_ISA_USAGE = YES_ERROR;
				CLANG_WARN_DOCUMENTATION_COMMENTS = YES;
				CLANG_WARN_EMPTY_BODY = YES;
				CLANG_WARN_ENUM_CONVERSION = YES;
				CLANG_WARN_INFINITE_RECURSION = YES;
				CLANG_WARN_INT_CONVERSION = YES;
				CLANG_WARN_NON_LITERAL_NULL_CONVERSION = YES;
				CLANG_WARN_OBJC_IMPLICIT_RETAIN_SELF = YES;
				CLANG_WARN_OBJC_LITERAL_CONVERSION = YES;
				CLANG_WARN_OBJC_ROOT_CLASS = YES_ERROR;
				CLANG_WARN_QUOTED_INCLUDE_IN_FRAMEWORK_HEADER = YES;
				CLANG_WARN_RANGE_LOOP_ANALYSIS = YES;
				CLANG_WARN_STRICT_PROTOTYPES = YES;
				CLANG_WARN_SUSPICIOUS_MOVE = YES;
				CLANG_WARN_UNGUARDED_AVAILABILITY = YES_AGGRESSIVE;
				CLANG_WARN_UNREACHABLE_CODE = YES;
				CLANG_WARN__DUPLICATE_METHOD_MATCH = YES;
				COPY_PHASE_STRIP = NO;
				DEBUG_INFORMATION_FORMAT = "dwarf-with-dsym";
				ENABLE_NS_ASSERTIONS = NO;
				ENABLE_STRICT_OBJC_MSGSEND = YES;
				ENABLE_USER_SCRIPT_SANDBOXING = YES;
				GCC_C_LANGUAGE_STANDARD = gnu17;
				GCC_NO_COMMON_BLOCKS = YES;
				GCC_WARN_64_TO_32_BIT_CONVERSION = YES;
				GCC_WARN_ABOUT_RETURN_TYPE = YES_ERROR;
				GCC_WARN_UNDECLARED_SELECTOR = YES;
				GCC_WARN_UNINITIALIZED_AUTOS = YES_AGGRESSIVE;
				GCC_WARN_UNUSED_FUNCTION = YES;
				GCC_WARN_UNUSED_VARIABLE = YES;
				IPHONEOS_DEPLOYMENT_TARGET = 17.2;
				LOCALIZATION_PREFERS_STRING_CATALOGS = YES;
				MTL_ENABLE_DEBUG_INFO = NO;
				MTL_FAST_MATH = YES;
				SDKROOT = iphoneos;
				SWIFT_COMPILATION_MODE = wholemodule;
				VALIDATE_PRODUCT = YES;
			};
			name = Release;
		};
		74C676052B845769004519FF /* Debug */ = {
			isa = XCBuildConfiguration;
			baseConfigurationReference = 77F0CD6D1C77B87F96D4518F /* Pods-navtableapi.debug.xcconfig */;
			buildSettings = {
				ASSETCATALOG_COMPILER_APPICON_NAME = AppIcon;
				ASSETCATALOG_COMPILER_GLOBAL_ACCENT_COLOR_NAME = AccentColor;
				CODE_SIGN_STYLE = Automatic;
				CURRENT_PROJECT_VERSION = 1;
				ENABLE_USER_SCRIPT_SANDBOXING = NO;
				GENERATE_INFOPLIST_FILE = YES;
				INFOPLIST_FILE = navtableapi/Info.plist;
				INFOPLIST_KEY_UIApplicationSupportsIndirectInputEvents = YES;
				INFOPLIST_KEY_UILaunchStoryboardName = LaunchScreen;
				INFOPLIST_KEY_UIMainStoryboardFile = Main;
				INFOPLIST_KEY_UISupportedInterfaceOrientations_iPad = "UIInterfaceOrientationPortrait UIInterfaceOrientationPortraitUpsideDown UIInterfaceOrientationLandscapeLeft UIInterfaceOrientationLandscapeRight";
				INFOPLIST_KEY_UISupportedInterfaceOrientations_iPhone = "UIInterfaceOrientationPortrait UIInterfaceOrientationLandscapeLeft UIInterfaceOrientationLandscapeRight";
				LD_RUNPATH_SEARCH_PATHS = (
					"$(inherited)",
					"@executable_path/Frameworks",
				);
				MARKETING_VERSION = 1.0;
				PRODUCT_BUNDLE_IDENTIFIER = com.zignuts.navtableapi;
				PRODUCT_NAME = "$(TARGET_NAME)";
				SWIFT_EMIT_LOC_STRINGS = YES;
				SWIFT_VERSION = 5.0;
				TARGETED_DEVICE_FAMILY = "1,2";
			};
			name = Debug;
		};
		74C676062B845769004519FF /* Release */ = {
			isa = XCBuildConfiguration;
			baseConfigurationReference = 6E97AB7BC3F5FED7E138AE56 /* Pods-navtableapi.release.xcconfig */;
			buildSettings = {
				ASSETCATALOG_COMPILER_APPICON_NAME = AppIcon;
				ASSETCATALOG_COMPILER_GLOBAL_ACCENT_COLOR_NAME = AccentColor;
				CODE_SIGN_STYLE = Automatic;
				CURRENT_PROJECT_VERSION = 1;
				ENABLE_USER_SCRIPT_SANDBOXING = NO;
				GENERATE_INFOPLIST_FILE = YES;
				INFOPLIST_FILE = navtableapi/Info.plist;
				INFOPLIST_KEY_UIApplicationSupportsIndirectInputEvents = YES;
				INFOPLIST_KEY_UILaunchStoryboardName = LaunchScreen;
				INFOPLIST_KEY_UIMainStoryboardFile = Main;
				INFOPLIST_KEY_UISupportedInterfaceOrientations_iPad = "UIInterfaceOrientationPortrait UIInterfaceOrientationPortraitUpsideDown UIInterfaceOrientationLandscapeLeft UIInterfaceOrientationLandscapeRight";
				INFOPLIST_KEY_UISupportedInterfaceOrientations_iPhone = "UIInterfaceOrientationPortrait UIInterfaceOrientationLandscapeLeft UIInterfaceOrientationLandscapeRight";
				LD_RUNPATH_SEARCH_PATHS = (
					"$(inherited)",
					"@executable_path/Frameworks",
				);
				MARKETING_VERSION = 1.0;
				PRODUCT_BUNDLE_IDENTIFIER = com.zignuts.navtableapi;
				PRODUCT_NAME = "$(TARGET_NAME)";
				SWIFT_EMIT_LOC_STRINGS = YES;
				SWIFT_VERSION = 5.0;
				TARGETED_DEVICE_FAMILY = "1,2";
			};
			name = Release;
		};
		74C676082B845769004519FF /* Debug */ = {
			isa = XCBuildConfiguration;
			baseConfigurationReference = 3E47EBDFD33160C121DBA94D /* Pods-navtableapiTests.debug.xcconfig */;
			buildSettings = {
				ALWAYS_EMBED_SWIFT_STANDARD_LIBRARIES = YES;
				BUNDLE_LOADER = "$(TEST_HOST)";
				CODE_SIGN_STYLE = Automatic;
				CURRENT_PROJECT_VERSION = 1;
				GENERATE_INFOPLIST_FILE = YES;
				IPHONEOS_DEPLOYMENT_TARGET = 17.2;
				MARKETING_VERSION = 1.0;
				PRODUCT_BUNDLE_IDENTIFIER = com.zignuts.navtableapiTests;
				PRODUCT_NAME = "$(TARGET_NAME)";
				SWIFT_EMIT_LOC_STRINGS = NO;
				SWIFT_VERSION = 5.0;
				TARGETED_DEVICE_FAMILY = "1,2";
				TEST_HOST = "$(BUILT_PRODUCTS_DIR)/navtableapi.app/$(BUNDLE_EXECUTABLE_FOLDER_PATH)/navtableapi";
			};
			name = Debug;
		};
		74C676092B845769004519FF /* Release */ = {
			isa = XCBuildConfiguration;
			baseConfigurationReference = 87CD64571B96BF0BCF59A0B1 /* Pods-navtableapiTests.release.xcconfig */;
			buildSettings = {
				ALWAYS_EMBED_SWIFT_STANDARD_LIBRARIES = YES;
				BUNDLE_LOADER = "$(TEST_HOST)";
				CODE_SIGN_STYLE = Automatic;
				CURRENT_PROJECT_VERSION = 1;
				GENERATE_INFOPLIST_FILE = YES;
				IPHONEOS_DEPLOYMENT_TARGET = 17.2;
				MARKETING_VERSION = 1.0;
				PRODUCT_BUNDLE_IDENTIFIER = com.zignuts.navtableapiTests;
				PRODUCT_NAME = "$(TARGET_NAME)";
				SWIFT_EMIT_LOC_STRINGS = NO;
				SWIFT_VERSION = 5.0;
				TARGETED_DEVICE_FAMILY = "1,2";
				TEST_HOST = "$(BUILT_PRODUCTS_DIR)/navtableapi.app/$(BUNDLE_EXECUTABLE_FOLDER_PATH)/navtableapi";
			};
			name = Release;
		};
		74C6760B2B845769004519FF /* Debug */ = {
			isa = XCBuildConfiguration;
			baseConfigurationReference = AAB577AFA2D61B545561E23C /* Pods-navtableapi-navtableapiUITests.debug.xcconfig */;
			buildSettings = {
				ALWAYS_EMBED_SWIFT_STANDARD_LIBRARIES = YES;
				CODE_SIGN_STYLE = Automatic;
				CURRENT_PROJECT_VERSION = 1;
				GENERATE_INFOPLIST_FILE = YES;
				MARKETING_VERSION = 1.0;
				PRODUCT_BUNDLE_IDENTIFIER = com.zignuts.navtableapiUITests;
				PRODUCT_NAME = "$(TARGET_NAME)";
				SWIFT_EMIT_LOC_STRINGS = NO;
				SWIFT_VERSION = 5.0;
				TARGETED_DEVICE_FAMILY = "1,2";
				TEST_TARGET_NAME = navtableapi;
			};
			name = Debug;
		};
		74C6760C2B845769004519FF /* Release */ = {
			isa = XCBuildConfiguration;
			baseConfigurationReference = 8178E4023757CC43FF16B1D6 /* Pods-navtableapi-navtableapiUITests.release.xcconfig */;
			buildSettings = {
				ALWAYS_EMBED_SWIFT_STANDARD_LIBRARIES = YES;
				CODE_SIGN_STYLE = Automatic;
				CURRENT_PROJECT_VERSION = 1;
				GENERATE_INFOPLIST_FILE = YES;
				MARKETING_VERSION = 1.0;
				PRODUCT_BUNDLE_IDENTIFIER = com.zignuts.navtableapiUITests;
				PRODUCT_NAME = "$(TARGET_NAME)";
				SWIFT_EMIT_LOC_STRINGS = NO;
				SWIFT_VERSION = 5.0;
				TARGETED_DEVICE_FAMILY = "1,2";
				TEST_TARGET_NAME = navtableapi;
			};
			name = Release;
		};
/* End XCBuildConfiguration section */

/* Begin XCConfigurationList section */
		74C675D52B845767004519FF /* Build configuration list for PBXProject "navtableapi" */ = {
			isa = XCConfigurationList;
			buildConfigurations = (
				74C676022B845769004519FF /* Debug */,
				74C676032B845769004519FF /* Release */,
			);
			defaultConfigurationIsVisible = 0;
			defaultConfigurationName = Release;
		};
		74C676042B845769004519FF /* Build configuration list for PBXNativeTarget "navtableapi" */ = {
			isa = XCConfigurationList;
			buildConfigurations = (
				74C676052B845769004519FF /* Debug */,
				74C676062B845769004519FF /* Release */,
			);
			defaultConfigurationIsVisible = 0;
			defaultConfigurationName = Release;
		};
		74C676072B845769004519FF /* Build configuration list for PBXNativeTarget "navtableapiTests" */ = {
			isa = XCConfigurationList;
			buildConfigurations = (
				74C676082B845769004519FF /* Debug */,
				74C676092B845769004519FF /* Release */,
			);
			defaultConfigurationIsVisible = 0;
			defaultConfigurationName = Release;
		};
		74C6760A2B845769004519FF /* Build configuration list for PBXNativeTarget "navtableapiUITests" */ = {
			isa = XCConfigurationList;
			buildConfigurations = (
				74C6760B2B845769004519FF /* Debug */,
				74C6760C2B845769004519FF /* Release */,
			);
			defaultConfigurationIsVisible = 0;
			defaultConfigurationName = Release;
		};
/* End XCConfigurationList section */
	};
	rootObject = 74C675D22B845767004519FF /* Project object */;
}
